
Microsoft Visual Studio Solution File, Format Version 12.00
# Visual Studio 15
Project("{FAE04EC0-301F-11D3-BF4B-00C04F79EFBC}") = "Assembly-CSharp", "Assembly-CSharp.csproj", "{BFA89066-2BD3-66AF-8DDD-F0219C7110C5}"
EndProject
Project("{FAE04EC0-301F-11D3-BF4B-00C04F79EFBC}") = "Assembly-CSharp-Editor", "Assembly-CSharp-Editor.csproj", "{026D2A17-2451-BFBB-7D04-9E2A181D91A8}"
EndProject
Global
	GlobalSection(SolutionConfigurationPlatforms) = preSolution
		Debug|Any CPU = Debug|Any CPU
		Release|Any CPU = Release|Any CPU
	EndGlobalSection
	GlobalSection(ProjectConfigurationPlatforms) = postSolution
		{BFA89066-2BD3-66AF-8DDD-F0219C7110C5}.Debug|Any CPU.ActiveCfg = Debug|Any CPU
		{BFA89066-2BD3-66AF-8DDD-F0219C7110C5}.Debug|Any CPU.Build.0 = Debug|Any CPU
		{BFA89066-2BD3-66AF-8DDD-F0219C7110C5}.Release|Any CPU.ActiveCfg = Release|Any CPU
		{BFA89066-2BD3-66AF-8DDD-F0219C7110C5}.Release|Any CPU.Build.0 = Release|Any CPU
		{026D2A17-2451-BFBB-7D04-9E2A181D91A8}.Debug|Any CPU.ActiveCfg = Debug|Any CPU
		{026D2A17-2451-BFBB-7D04-9E2A181D91A8}.Debug|Any CPU.Build.0 = Debug|Any CPU
		{026D2A17-2451-BFBB-7D04-9E2A181D91A8}.Release|Any CPU.ActiveCfg = Release|Any CPU
		{026D2A17-2451-BFBB-7D04-9E2A181D91A8}.Release|Any CPU.Build.0 = Release|Any CPU
	EndGlobalSection
	GlobalSection(SolutionProperties) = preSolution
		HideSolutionNode = FALSE
	EndGlobalSection
EndGlobal
